<?xml version="1.0" encoding="utf-8"?>
<Project ToolsVersion="4.0" xmlns="http://schemas.microsoft.com/developer/msbuild/2003">
  <ItemGroup>
    <Filter Include="Source Files">
      <UniqueIdentifier>{19f52c37-b443-4486-9050-3e2dd4888444}</UniqueIdentifier>
      <Extensions>cpp;c;cxx;rc;def;r;odl;idl;hpj;bat</Extensions>
    </Filter>
    <Filter Include="Header Files">
      <UniqueIdentifier>{a4c6c2b8-e727-4cae-805e-10d8407d28f4}</UniqueIdentifier>
      <Extensions>h;hpp;hxx;hm;inl</Extensions>
    </Filter>
    <Filter Include="Resource Files">
      <UniqueIdentifier>{59a24b1d-3c80-46b9-bf9b-499a972383ee}</UniqueIdentifier>
      <Extensions>ico;cur;bmp;dlg;rc2;rct;bin;rgs;gif;jpg;jpeg;jpe</Extensions>
    </Filter>
  </ItemGroup>
  <ItemGroup>
    <ClCompile Include="Intro.cpp">
      <Filter>Source Files</Filter>
    </ClCompile>
    <ClCompile Include="IntroEngine.cpp">
      <Filter>Source Files</Filter>
    </ClCompile>
    <ClCompile Include="IntroInput.cpp">
      <Filter>Source Files</Filter>
    </ClCompile>
    <ClCompile Include="IntroWindow.cpp">
      <Filter>Source Files</Filter>
    </ClCompile>
    <ClCompile Include="Precalc.cpp">
      <Filter>Source Files</Filter>
    </ClCompile>
    <ClCompile Include="TexGen.cpp">
      <Filter>Source Files</Filter>
    </ClCompile>
    <ClCompile Include="vectors.cpp">
      <Filter>Source Files</Filter>
    </ClCompile>
  </ItemGroup>
  <ItemGroup>
    <ClInclude Include="CNSlogo.h">
      <Filter>Header Files</Filter>
    </ClInclude>
    <ClInclude Include="CNSprecalc.h">
      <Filter>Header Files</Filter>
    </ClInclude>
    <ClInclude Include="copytest.h">
      <Filter>Header Files</Filter>
    </ClInclude>
    <ClInclude Include="Intro.h">
      <Filter>Header Files</Filter>
    </ClInclude>
    <ClInclude Include="IntroEngine.h">
      <Filter>Header Files</Filter>
    </ClInclude>
    <ClInclude Include="IntroInput.h">
      <Filter>Header Files</Filter>
    </ClInclude>
    <ClInclude Include="IntroWindow.h">
      <Filter>Header Files</Filter>
    </ClInclude>
    <ClInclude Include="Precalc.h">
      <Filter>Header Files</Filter>
    </ClInclude>
    <ClInclude Include="TexGen.h">
      <Filter>Header Files</Filter>
    </ClInclude>
    <ClInclude Include="vectors.h">
      <Filter>Header Files</Filter>
    </ClInclude>
  </ItemGroup>
</Project>